
Microsoft Visual Studio Solution File, Format Version 12.00
# Visual Studio Version 16
VisualStudioVersion = 16.0.33927.289
MinimumVisualStudioVersion = 10.0.40219.1
Project("{FAE04EC0-301F-11D3-BF4B-00C04F79EFBC}") = "Administracion_Financiera", "Administracion_Financiera\Administracion_Financiera.csproj", "{B3445E63-3FF4-437E-88E6-B3C042695503}"
EndProject
Global
	GlobalSection(SolutionConfigurationPlatforms) = preSolution
		Debug|Any CPU = Debug|Any CPU
		Release|Any CPU = Release|Any CPU
	EndGlobalSection
	GlobalSection(ProjectConfigurationPlatforms) = postSolution
		{B3445E63-3FF4-437E-88E6-B3C042695503}.Debug|Any CPU.ActiveCfg = Debug|Any CPU
		{B3445E63-3FF4-437E-88E6-B3C042695503}.Debug|Any CPU.Build.0 = Debug|Any CPU
		{B3445E63-3FF4-437E-88E6-B3C042695503}.Release|Any CPU.ActiveCfg = Release|Any CPU
		{B3445E63-3FF4-437E-88E6-B3C042695503}.Release|Any CPU.Build.0 = Release|Any CPU
	EndGlobalSection
	GlobalSection(SolutionProperties) = preSolution
		HideSolutionNode = FALSE
	EndGlobalSection
	GlobalSection(ExtensibilityGlobals) = postSolution
		SolutionGuid = {568A635E-EE2B-43AC-A050-C90096AA1F41}
	EndGlobalSection
EndGlobal
